
Microsoft Visual Studio Solution File, Format Version 12.00
# Visual Studio Version 17
VisualStudioVersion = 17.0.31903.59
MinimumVisualStudioVersion = 10.0.40219.1
Project("{FAE04EC0-301F-11D3-BF4B-00C04F79EFBC}") = "KsGameLauncher", "KsGameLauncher\KsGameLauncher.csproj", "{DA7234B6-0D93-4AAC-9403-9D911AD4ECA7}"
EndProject
Global
	GlobalSection(SolutionConfigurationPlatforms) = preSolution
		Debug|Any CPU = Debug|Any CPU
		Release|Any CPU = Release|Any CPU
	EndGlobalSection
	GlobalSection(ProjectConfigurationPlatforms) = postSolution
		{DA7234B6-0D93-4AAC-9403-9D911AD4ECA7}.Debug|Any CPU.ActiveCfg = Debug|Any CPU
		{DA7234B6-0D93-4AAC-9403-9D911AD4ECA7}.Debug|Any CPU.Build.0 = Debug|Any CPU
		{DA7234B6-0D93-4AAC-9403-9D911AD4ECA7}.Release|Any CPU.ActiveCfg = Release|Any CPU
		{DA7234B6-0D93-4AAC-9403-9D911AD4ECA7}.Release|Any CPU.Build.0 = Release|Any CPU
	EndGlobalSection
	GlobalSection(SolutionProperties) = preSolution
		HideSolutionNode = FALSE
	EndGlobalSection
	GlobalSection(ExtensibilityGlobals) = postSolution
		SolutionGuid = {F1F0A37D-CD8D-4D3D-A3DE-A4DC81C1ED51}
	EndGlobalSection
EndGlobal
